
Microsoft Visual Studio Solution File, Format Version 10.00
# Visual Studio 2008
Project("{FAE04EC0-301F-11D3-BF4B-00C04F79EFBC}") = "MvvmCross.WindowsMobile", "MvvmCross.WindowsMobile.csproj", "{2DEF86E3-BA74-431C-ADFD-EE427855BEFB}"
EndProject
Project("{FAE04EC0-301F-11D3-BF4B-00C04F79EFBC}") = "MvvmCross", "..\MvvmCross\MvvmCross.csproj", "{B6384F2C-4910-4B04-A739-1AB0E61CF6FD}"
EndProject
Project("{FAE04EC0-301F-11D3-BF4B-00C04F79EFBC}") = "System.Windows.WindowsMobile", "..\..\..\PortableSupport\System.Windows.Touch\System.Windows.WindowsMobile\System.Windows.WindowsMobile.csproj", "{ED8837A0-A949-4666-83E3-99C0F1EC17D4}"
EndProject
Global
	GlobalSection(SolutionConfigurationPlatforms) = preSolution
		Debug|Any CPU = Debug|Any CPU
		Release|Any CPU = Release|Any CPU
	EndGlobalSection
	GlobalSection(ProjectConfigurationPlatforms) = postSolution
		{2DEF86E3-BA74-431C-ADFD-EE427855BEFB}.Debug|Any CPU.ActiveCfg = Debug|Any CPU
		{2DEF86E3-BA74-431C-ADFD-EE427855BEFB}.Debug|Any CPU.Build.0 = Debug|Any CPU
		{2DEF86E3-BA74-431C-ADFD-EE427855BEFB}.Release|Any CPU.ActiveCfg = Release|Any CPU
		{2DEF86E3-BA74-431C-ADFD-EE427855BEFB}.Release|Any CPU.Build.0 = Release|Any CPU
		{B6384F2C-4910-4B04-A739-1AB0E61CF6FD}.Debug|Any CPU.ActiveCfg = Debug|Any CPU
		{B6384F2C-4910-4B04-A739-1AB0E61CF6FD}.Debug|Any CPU.Build.0 = Debug|Any CPU
		{B6384F2C-4910-4B04-A739-1AB0E61CF6FD}.Release|Any CPU.ActiveCfg = Release|Any CPU
		{B6384F2C-4910-4B04-A739-1AB0E61CF6FD}.Release|Any CPU.Build.0 = Release|Any CPU
		{ED8837A0-A949-4666-83E3-99C0F1EC17D4}.Debug|Any CPU.ActiveCfg = Debug|Any CPU
		{ED8837A0-A949-4666-83E3-99C0F1EC17D4}.Debug|Any CPU.Build.0 = Debug|Any CPU
		{ED8837A0-A949-4666-83E3-99C0F1EC17D4}.Release|Any CPU.ActiveCfg = Release|Any CPU
		{ED8837A0-A949-4666-83E3-99C0F1EC17D4}.Release|Any CPU.Build.0 = Release|Any CPU
	EndGlobalSection
	GlobalSection(SolutionProperties) = preSolution
		HideSolutionNode = FALSE
	EndGlobalSection
EndGlobal
